
Microsoft Visual Studio Solution File, Format Version 12.00
# Visual Studio 15
VisualStudioVersion = 15.0.27130.2003
MinimumVisualStudioVersion = 10.0.40219.1
Project("{FAE04EC0-301F-11D3-BF4B-00C04F79EFBC}") = "ClassDemo", "ClassDemo.csproj", "{63C693D1-D79B-487C-AB12-D53B296A91DD}"
EndProject
Global
	GlobalSection(SolutionConfigurationPlatforms) = preSolution
		Debug|Any CPU = Debug|Any CPU
		Release|Any CPU = Release|Any CPU
	EndGlobalSection
	GlobalSection(ProjectConfigurationPlatforms) = postSolution
		{63C693D1-D79B-487C-AB12-D53B296A91DD}.Debug|Any CPU.ActiveCfg = Debug|Any CPU
		{63C693D1-D79B-487C-AB12-D53B296A91DD}.Debug|Any CPU.Build.0 = Debug|Any CPU
		{63C693D1-D79B-487C-AB12-D53B296A91DD}.Release|Any CPU.ActiveCfg = Release|Any CPU
		{63C693D1-D79B-487C-AB12-D53B296A91DD}.Release|Any CPU.Build.0 = Release|Any CPU
	EndGlobalSection
	GlobalSection(SolutionProperties) = preSolution
		HideSolutionNode = FALSE
	EndGlobalSection
	GlobalSection(ExtensibilityGlobals) = postSolution
		SolutionGuid = {82CB648C-A168-4FED-8E70-05014E19A1D1}
	EndGlobalSection
EndGlobal
